github.com/nunocoracao/blowfish/v2 v2.77.1 h1:HHNdxj/+jdthsXHCasPsxbY/G6/1Jpzjk8cVohAaxkA=
github.com/nunocoracao/blowfish/v2 v2.77.1/go.mod h1:4SkMc+Ht8gpQCwArqiHMBDP3soxi2OWuAhVney+cuyk=
github.com/nunocoracao/blowfish/v2 v2.91.0 h1:w+OYiH0hwkjXuyzO0rM9ftZhuVDzwy78DGiDya0KvhE=
github.com/nunocoracao/blowfish/v2 v2.91.0/go.mod h1:4SkMc+Ht8gpQCwArqiHMBDP3soxi2OWuAhVney+cuyk=
