{
  "name": "blog",
  "lockfileVersion": 2,
  "requires": true,
  "packages": {
    "": {
      "dependencies": {
        "hexo-theme-next": "^8.13.0"
      }
    },
    "node_modules/hexo-theme-next": {
      "version": "8.13.0",
      "resolved": "https://registry.npmjs.org/hexo-theme-next/-/hexo-theme-next-8.13.0.tgz",
      "integrity": "sha512-A6dWBv5SCEqapZkCrpJvDoCYthOEQSulRKZx+1WbS9K7CVDG3KEh/HFTYYzn3Ov09yMNSMH80xIH6wL4mr054A=="
    }
  },
  "dependencies": {
    "hexo-theme-next": {
      "version": "8.13.0",
      "resolved": "https://registry.npmjs.org/hexo-theme-next/-/hexo-theme-next-8.13.0.tgz",
      "integrity": "sha512-A6dWBv5SCEqapZkCrpJvDoCYthOEQSulRKZx+1WbS9K7CVDG3KEh/HFTYYzn3Ov09yMNSMH80xIH6wL4mr054A=="
    }
  }
}
